
Microsoft Visual Studio Solution File, Format Version 12.00
# Visual Studio Version 17
VisualStudioVersion = 17.1.32228.430
MinimumVisualStudioVersion = 10.0.40219.1
Project("{9A19103F-16F7-4668-BE54-9A1E7A4F7556}") = "SignalRChatApp.Server", "SignalRChatApp\Server\SignalRChatApp.Server.csproj", "{512DA6F4-11DE-48DC-AF6B-BF372315BFDF}"
EndProject
Project("{9A19103F-16F7-4668-BE54-9A1E7A4F7556}") = "SignalRChatApp.Client", "SignalRChatApp\Client\SignalRChatApp.Client.csproj", "{C075C52C-8A18-4D83-9A00-AC81917AEB59}"
EndProject
Global
	GlobalSection(SolutionConfigurationPlatforms) = preSolution
		Debug|Any CPU = Debug|Any CPU
		Release|Any CPU = Release|Any CPU
	EndGlobalSection
	GlobalSection(ProjectConfigurationPlatforms) = postSolution
		{512DA6F4-11DE-48DC-AF6B-BF372315BFDF}.Debug|Any CPU.ActiveCfg = Debug|Any CPU
		{512DA6F4-11DE-48DC-AF6B-BF372315BFDF}.Debug|Any CPU.Build.0 = Debug|Any CPU
		{512DA6F4-11DE-48DC-AF6B-BF372315BFDF}.Release|Any CPU.ActiveCfg = Release|Any CPU
		{512DA6F4-11DE-48DC-AF6B-BF372315BFDF}.Release|Any CPU.Build.0 = Release|Any CPU
		{C075C52C-8A18-4D83-9A00-AC81917AEB59}.Debug|Any CPU.ActiveCfg = Debug|Any CPU
		{C075C52C-8A18-4D83-9A00-AC81917AEB59}.Debug|Any CPU.Build.0 = Debug|Any CPU
		{C075C52C-8A18-4D83-9A00-AC81917AEB59}.Release|Any CPU.ActiveCfg = Release|Any CPU
		{C075C52C-8A18-4D83-9A00-AC81917AEB59}.Release|Any CPU.Build.0 = Release|Any CPU
	EndGlobalSection
	GlobalSection(SolutionProperties) = preSolution
		HideSolutionNode = FALSE
	EndGlobalSection
	GlobalSection(ExtensibilityGlobals) = postSolution
		SolutionGuid = {5ED7F06D-FA4B-49C0-968A-48A5050D5930}
	EndGlobalSection
EndGlobal
